
Microsoft Visual Studio Solution File, Format Version 12.00
# Visual Studio Version 16
VisualStudioVersion = 16.0.30225.117
MinimumVisualStudioVersion = 10.0.40219.1
Project("{9A19103F-16F7-4668-BE54-9A1E7A4F7556}") = "TDDWeek6.Tests", "TDDWeek6.Tests.csproj", "{B5272735-4A7F-41B6-816B-0DACDB0CC541}"
EndProject
Project("{9A19103F-16F7-4668-BE54-9A1E7A4F7556}") = "TDDWeek6", "..\TDD.Week6\TDDWeek6.csproj", "{0D89B28D-47FC-4B97-B907-797C4FD880B8}"
EndProject
Global
	GlobalSection(SolutionConfigurationPlatforms) = preSolution
		Debug|Any CPU = Debug|Any CPU
		Release|Any CPU = Release|Any CPU
	EndGlobalSection
	GlobalSection(ProjectConfigurationPlatforms) = postSolution
		{B5272735-4A7F-41B6-816B-0DACDB0CC541}.Debug|Any CPU.ActiveCfg = Debug|Any CPU
		{B5272735-4A7F-41B6-816B-0DACDB0CC541}.Debug|Any CPU.Build.0 = Debug|Any CPU
		{B5272735-4A7F-41B6-816B-0DACDB0CC541}.Release|Any CPU.ActiveCfg = Release|Any CPU
		{B5272735-4A7F-41B6-816B-0DACDB0CC541}.Release|Any CPU.Build.0 = Release|Any CPU
		{0D89B28D-47FC-4B97-B907-797C4FD880B8}.Debug|Any CPU.ActiveCfg = Debug|Any CPU
		{0D89B28D-47FC-4B97-B907-797C4FD880B8}.Debug|Any CPU.Build.0 = Debug|Any CPU
		{0D89B28D-47FC-4B97-B907-797C4FD880B8}.Release|Any CPU.ActiveCfg = Release|Any CPU
		{0D89B28D-47FC-4B97-B907-797C4FD880B8}.Release|Any CPU.Build.0 = Release|Any CPU
	EndGlobalSection
	GlobalSection(SolutionProperties) = preSolution
		HideSolutionNode = FALSE
	EndGlobalSection
	GlobalSection(ExtensibilityGlobals) = postSolution
		SolutionGuid = {2934FF53-C744-45E4-A8E7-DFF864A1BE2A}
	EndGlobalSection
EndGlobal
